
Microsoft Visual Studio Solution File, Format Version 12.00
# Visual Studio Version 17
VisualStudioVersion = 17.9.34701.34
MinimumVisualStudioVersion = 10.0.40219.1
Project("{8BC9CEB8-8B4A-11D0-8D11-00A0C91BC942}") = "Perigon SNES Emulator", "Perigon SNES Emulator\Perigon SNES Emulator.vcxproj", "{69A99D63-5773-4942-9C11-85713D741E63}"
EndProject
Global
	GlobalSection(SolutionConfigurationPlatforms) = preSolution
		Debug|x64 = Debug|x64
		Debug|x86 = Debug|x86
		Release|x64 = Release|x64
		Release|x86 = Release|x86
	EndGlobalSection
	GlobalSection(ProjectConfigurationPlatforms) = postSolution
		{69A99D63-5773-4942-9C11-85713D741E63}.Debug|x64.ActiveCfg = Debug|x64
		{69A99D63-5773-4942-9C11-85713D741E63}.Debug|x64.Build.0 = Debug|x64
		{69A99D63-5773-4942-9C11-85713D741E63}.Debug|x86.ActiveCfg = Debug|Win32
		{69A99D63-5773-4942-9C11-85713D741E63}.Debug|x86.Build.0 = Debug|Win32
		{69A99D63-5773-4942-9C11-85713D741E63}.Release|x64.ActiveCfg = Release|x64
		{69A99D63-5773-4942-9C11-85713D741E63}.Release|x64.Build.0 = Release|x64
		{69A99D63-5773-4942-9C11-85713D741E63}.Release|x86.ActiveCfg = Release|Win32
		{69A99D63-5773-4942-9C11-85713D741E63}.Release|x86.Build.0 = Release|Win32
	EndGlobalSection
	GlobalSection(SolutionProperties) = preSolution
		HideSolutionNode = FALSE
	EndGlobalSection
	GlobalSection(ExtensibilityGlobals) = postSolution
		SolutionGuid = {4A798C9D-8018-4A4C-902E-39E6196E1F3C}
	EndGlobalSection
EndGlobal
